
Microsoft Visual Studio Solution File, Format Version 12.00
Project("{2150E333-8FDC-42A3-9474-1A3956D46DE8}") = "src", "src", "{ABAAA7EA-44BC-458C-AA73-9206B70B16DD}"
EndProject
Project("{2150E333-8FDC-42A3-9474-1A3956D46DE8}") = "tests", "tests", "{ABA24ED2-4B73-429E-861B-37564DE38BAB}"
EndProject
Project("{FAE04EC0-301F-11D3-BF4B-00C04F79EFBC}") = "Northwinds", "src\Northwinds\Northwinds.csproj", "{1F5FF879-88D3-4232-8FF8-CA5FFEEE3C46}"
EndProject
Project("{FAE04EC0-301F-11D3-BF4B-00C04F79EFBC}") = "Northwinds.Tests.Unit", "tests\Northwinds.Tests.Unit\Northwinds.Tests.Unit.csproj", "{D33CF4B2-90E5-4EE5-AFDD-03792E380667}"
EndProject
Project("{FAE04EC0-301F-11D3-BF4B-00C04F79EFBC}") = "DAL", "src\DAL\DAL.csproj", "{D22B8BD9-6195-437A-A18D-5903B29287B1}"
EndProject
Project("{FAE04EC0-301F-11D3-BF4B-00C04F79EFBC}") = "Models", "src\Models\Models.csproj", "{9FFFA834-F880-41F9-A785-563333977EFF}"
EndProject
Project("{FAE04EC0-301F-11D3-BF4B-00C04F79EFBC}") = "Reports", "src\Reports\Reports.csproj", "{2DEAA11E-70F4-4CE6-87BA-C01065AFCBF2}"
EndProject
Project("{FAE04EC0-301F-11D3-BF4B-00C04F79EFBC}") = "Shared", "src\Shared\Shared.csproj", "{AD0AD011-A0BF-4620-AF93-4287B21AB2DE}"
EndProject
Global
	GlobalSection(SolutionConfigurationPlatforms) = preSolution
		Debug|Any CPU = Debug|Any CPU
		Release|Any CPU = Release|Any CPU
	EndGlobalSection
	GlobalSection(ProjectConfigurationPlatforms) = postSolution
		{1F5FF879-88D3-4232-8FF8-CA5FFEEE3C46}.Debug|Any CPU.ActiveCfg = Debug|Any CPU
		{1F5FF879-88D3-4232-8FF8-CA5FFEEE3C46}.Debug|Any CPU.Build.0 = Debug|Any CPU
		{1F5FF879-88D3-4232-8FF8-CA5FFEEE3C46}.Release|Any CPU.ActiveCfg = Release|Any CPU
		{1F5FF879-88D3-4232-8FF8-CA5FFEEE3C46}.Release|Any CPU.Build.0 = Release|Any CPU
		{D33CF4B2-90E5-4EE5-AFDD-03792E380667}.Debug|Any CPU.ActiveCfg = Debug|Any CPU
		{D33CF4B2-90E5-4EE5-AFDD-03792E380667}.Debug|Any CPU.Build.0 = Debug|Any CPU
		{D33CF4B2-90E5-4EE5-AFDD-03792E380667}.Release|Any CPU.ActiveCfg = Release|Any CPU
		{D33CF4B2-90E5-4EE5-AFDD-03792E380667}.Release|Any CPU.Build.0 = Release|Any CPU
		{D22B8BD9-6195-437A-A18D-5903B29287B1}.Debug|Any CPU.ActiveCfg = Debug|Any CPU
		{D22B8BD9-6195-437A-A18D-5903B29287B1}.Debug|Any CPU.Build.0 = Debug|Any CPU
		{D22B8BD9-6195-437A-A18D-5903B29287B1}.Release|Any CPU.ActiveCfg = Release|Any CPU
		{D22B8BD9-6195-437A-A18D-5903B29287B1}.Release|Any CPU.Build.0 = Release|Any CPU
		{9FFFA834-F880-41F9-A785-563333977EFF}.Debug|Any CPU.ActiveCfg = Debug|Any CPU
		{9FFFA834-F880-41F9-A785-563333977EFF}.Debug|Any CPU.Build.0 = Debug|Any CPU
		{9FFFA834-F880-41F9-A785-563333977EFF}.Release|Any CPU.ActiveCfg = Release|Any CPU
		{9FFFA834-F880-41F9-A785-563333977EFF}.Release|Any CPU.Build.0 = Release|Any CPU
		{2DEAA11E-70F4-4CE6-87BA-C01065AFCBF2}.Debug|Any CPU.ActiveCfg = Debug|Any CPU
		{2DEAA11E-70F4-4CE6-87BA-C01065AFCBF2}.Debug|Any CPU.Build.0 = Debug|Any CPU
		{2DEAA11E-70F4-4CE6-87BA-C01065AFCBF2}.Release|Any CPU.ActiveCfg = Release|Any CPU
		{2DEAA11E-70F4-4CE6-87BA-C01065AFCBF2}.Release|Any CPU.Build.0 = Release|Any CPU
		{AD0AD011-A0BF-4620-AF93-4287B21AB2DE}.Debug|Any CPU.ActiveCfg = Debug|Any CPU
		{AD0AD011-A0BF-4620-AF93-4287B21AB2DE}.Debug|Any CPU.Build.0 = Debug|Any CPU
		{AD0AD011-A0BF-4620-AF93-4287B21AB2DE}.Release|Any CPU.ActiveCfg = Release|Any CPU
		{AD0AD011-A0BF-4620-AF93-4287B21AB2DE}.Release|Any CPU.Build.0 = Release|Any CPU
	EndGlobalSection
	GlobalSection(NestedProjects) = preSolution
		{1F5FF879-88D3-4232-8FF8-CA5FFEEE3C46} = {ABAAA7EA-44BC-458C-AA73-9206B70B16DD}
		{D33CF4B2-90E5-4EE5-AFDD-03792E380667} = {ABA24ED2-4B73-429E-861B-37564DE38BAB}
		{D22B8BD9-6195-437A-A18D-5903B29287B1} = {ABAAA7EA-44BC-458C-AA73-9206B70B16DD}
		{9FFFA834-F880-41F9-A785-563333977EFF} = {ABAAA7EA-44BC-458C-AA73-9206B70B16DD}
		{2DEAA11E-70F4-4CE6-87BA-C01065AFCBF2} = {ABAAA7EA-44BC-458C-AA73-9206B70B16DD}
		{AD0AD011-A0BF-4620-AF93-4287B21AB2DE} = {ABAAA7EA-44BC-458C-AA73-9206B70B16DD}
	EndGlobalSection
EndGlobal
